// !$*UTF8*$!
{
	archiveVersion = 1;
	classes = {
	};
	objectVersion = 46;
	objects = {

/* Begin PBXBuildFile section */
		B228870F1E4633280026547A /* main.m in Sources */ = {isa = PBXBuildFile; fileRef = B228870E1E4633280026547A /* main.m */; };
		B22887121E4633280026547A /* AppDelegate.m in Sources */ = {isa = PBXBuildFile; fileRef = B22887111E4633280026547A /* AppDelegate.m */; };
		B22887151E4633280026547A /* ViewController.m in Sources */ = {isa = PBXBuildFile; fileRef = B22887141E4633280026547A /* ViewController.m */; };
		B22887181E4633280026547A /* Main.storyboard in Resources */ = {isa = PBXBuildFile; fileRef = B22887161E4633280026547A /* Main.storyboard */; };
		B228871B1E4633280026547A /* test.xcdatamodeld in Sources */ = {isa = PBXBuildFile; fileRef = B22887191E4633280026547A /* test.xcdatamodeld */; };
		B228871D1E4633280026547A /* Assets.xcassets in Resources */ = {isa = PBXBuildFile; fileRef = B228871C1E4633280026547A /* Assets.xcassets */; };
		B22887201E4633280026547A /* LaunchScreen.storyboard in Resources */ = {isa = PBXBuildFile; fileRef = B228871E1E4633280026547A /* LaunchScreen.storyboard */; };
		B22887281E4634E50026547A /* test.m in Sources */ = {isa = PBXBuildFile; fileRef = B22887271E4634E50026547A /* test.m */; };
/* End PBXBuildFile section */

/* Begin PBXFileReference section */
		B228870A1E4633280026547A /* test.app */ = {isa = PBXFileReference; explicitFileType = wrapper.application; includeInIndex = 0; path = test.app; sourceTree = BUILT_PRODUCTS_DIR; };
		B228870E1E4633280026547A /* main.m */ = {isa = PBXFileReference; lastKnownFileType = sourcecode.c.objc; path = main.m; sourceTree = "<group>"; };
		B22887101E4633280026547A /* AppDelegate.h */ = {isa = PBXFileReference; lastKnownFileType = sourcecode.c.h; path = AppDelegate.h; sourceTree = "<group>"; };
		B22887111E4633280026547A /* AppDelegate.m */ = {isa = PBXFileReference; lastKnownFileType = sourcecode.c.objc; path = AppDelegate.m; sourceTree = "<group>"; };
		B22887131E4633280026547A /* ViewController.h */ = {isa = PBXFileReference; lastKnownFileType = sourcecode.c.h; path = ViewController.h; sourceTree = "<group>"; };
		B22887141E4633280026547A /* ViewController.m */ = {isa = PBXFileReference; lastKnownFileType = sourcecode.c.objc; path = ViewController.m; sourceTree = "<group>"; };
		B22887171E4633280026547A /* Base */ = {isa = PBXFileReference; lastKnownFileType = file.storyboard; name = Base; path = Base.lproj/Main.storyboard; sourceTree = "<group>"; };
		B228871A1E4633280026547A /* test.xcdatamodel */ = {isa = PBXFileReference; lastKnownFileType = wrapper.xcdatamodel; path = test.xcdatamodel; sourceTree = "<group>"; };
		B228871C1E4633280026547A /* Assets.xcassets */ = {isa = PBXFileReference; lastKnownFileType = folder.assetcatalog; path = Assets.xcassets; sourceTree = "<group>"; };
		B228871F1E4633280026547A /* Base */ = {isa = PBXFileReference; lastKnownFileType = file.storyboard; name = Base; path = Base.lproj/LaunchScreen.storyboard; sourceTree = "<group>"; };
		B22887211E4633280026547A /* Info.plist */ = {isa = PBXFileReference; lastKnownFileType = text.plist.xml; path = Info.plist; sourceTree = "<group>"; };
		B22887271E4634E50026547A /* test.m */ = {isa = PBXFileReference; fileEncoding = 4; lastKnownFileType = sourcecode.c.objc; path = test.m; sourceTree = "<group>"; };
/* End PBXFileReference section */

/* Begin PBXFrameworksBuildPhase section */
		B22887071E4633280026547A /* Frameworks */ = {
			isa = PBXFrameworksBuildPhase;
			buildActionMask = 2147483647;
			files = (
			);
			runOnlyForDeploymentPostprocessing = 0;
		};
/* End PBXFrameworksBuildPhase section */

/* Begin PBXGroup section */
		B22887011E4633280026547A = {
			isa = PBXGroup;
			children = (
				B22887271E4634E50026547A /* test.m */,
				B228870C1E4633280026547A /* test */,
				B228870B1E4633280026547A /* Products */,
			);
			sourceTree = "<group>";
		};
		B228870B1E4633280026547A /* Products */ = {
			isa = PBXGroup;
			children = (
				B228870A1E4633280026547A /* test.app */,
			);
			name = Products;
			sourceTree = "<group>";
		};
		B228870C1E4633280026547A /* test */ = {
			isa = PBXGroup;
			children = (
				B22887101E4633280026547A /* AppDelegate.h */,
				B22887111E4633280026547A /* AppDelegate.m */,
				B22887131E4633280026547A /* ViewController.h */,
				B22887141E4633280026547A /* ViewController.m */,
				B22887161E4633280026547A /* Main.storyboard */,
				B228871C1E4633280026547A /* Assets.xcassets */,
				B228871E1E4633280026547A /* LaunchScreen.storyboard */,
				B22887211E4633280026547A /* Info.plist */,
				B22887191E4633280026547A /* test.xcdatamodeld */,
				B228870D1E4633280026547A /* Supporting Files */,
			);
			path = test;
			sourceTree = "<group>";
		};
		B228870D1E4633280026547A /* Supporting Files */ = {
			isa = PBXGroup;
			children = (
				B228870E1E4633280026547A /* main.m */,
			);
			name = "Supporting Files";
			sourceTree = "<group>";
		};
/* End PBXGroup section */

/* Begin PBXNativeTarget section */
		B22887091E4633280026547A /* test */ = {
			isa = PBXNativeTarget;
			buildConfigurationList = B22887241E4633280026547A /* Build configuration list for PBXNativeTarget "test" */;
			buildPhases = (
				B22887061E4633280026547A /* Sources */,
				B22887071E4633280026547A /* Frameworks */,
				B22887081E4633280026547A /* Resources */,
			);
			buildRules = (
			);
			dependencies = (
			);
			name = test;
			productName = test;
			productReference = B228870A1E4633280026547A /* test.app */;
			productType = "com.apple.product-type.application";
		};
/* End PBXNativeTarget section */

/* Begin PBXProject section */
		B22887021E4633280026547A /* Project object */ = {
			isa = PBXProject;
			attributes = {
				LastUpgradeCheck = 0820;
				ORGANIZATIONNAME = "Mesrop Kareyan";
				TargetAttributes = {
					B22887091E4633280026547A = {
						CreatedOnToolsVersion = 8.2.1;
						ProvisioningStyle = Automatic;
					};
				};
			};
			buildConfigurationList = B22887051E4633280026547A /* Build configuration list for PBXProject "test" */;
			compatibilityVersion = "Xcode 3.2";
			developmentRegion = English;
			hasScannedForEncodings = 0;
			knownRegions = (
				en,
				Base,
			);
			mainGroup = B22887011E4633280026547A;
			productRefGroup = B228870B1E4633280026547A /* Products */;
			projectDirPath = "";
			projectRoot = "";
			targets = (
				B22887091E4633280026547A /* test */,
			);
		};
/* End PBXProject section */

/* Begin PBXResourcesBuildPhase section */
		B22887081E4633280026547A /* Resources */ = {
			isa = PBXResourcesBuildPhase;
			buildActionMask = 2147483647;
			files = (
				B22887201E4633280026547A /* LaunchScreen.storyboard in Resources */,
				B228871D1E4633280026547A /* Assets.xcassets in Resources */,
				B22887181E4633280026547A /* Main.storyboard in Resources */,
			);
			runOnlyForDeploymentPostprocessing = 0;
		};
/* End PBXResourcesBuildPhase section */

/* Begin PBXSourcesBuildPhase section */
		B22887061E4633280026547A /* Sources */ = {
			isa = PBXSourcesBuildPhase;
			buildActionMask = 2147483647;
			files = (
				B22887281E4634E50026547A /* test.m in Sources */,
				B22887151E4633280026547A /* ViewController.m in Sources */,
				B228871B1E4633280026547A /* test.xcdatamodeld in Sources */,
				B22887121E4633280026547A /* AppDelegate.m in Sources */,
				B228870F1E4633280026547A /* main.m in Sources */,
			);
			runOnlyForDeploymentPostprocessing = 0;
		};
/* End PBXSourcesBuildPhase section */

/* Begin PBXVariantGroup section */
		B22887161E4633280026547A /* Main.storyboard */ = {
			isa = PBXVariantGroup;
			children = (
				B22887171E4633280026547A /* Base */,
			);
			name = Main.storyboard;
			sourceTree = "<group>";
		};
		B228871E1E4633280026547A /* LaunchScreen.storyboard */ = {
			isa = PBXVariantGroup;
			children = (
				B228871F1E4633280026547A /* Base */,
			);
			name = LaunchScreen.storyboard;
			sourceTree = "<group>";
		};
/* End PBXVariantGroup section */

/* Begin XCBuildConfiguration section */
		B22887221E4633280026547A /* Debug */ = {
			isa = XCBuildConfiguration;
			buildSettings = {
				ALWAYS_SEARCH_USER_PATHS = NO;
				CLANG_ANALYZER_NONNULL = YES;
				CLANG_CXX_LANGUAGE_STANDARD = "gnu++0x";
				CLANG_CXX_LIBRARY = "libc++";
				CLANG_ENABLE_MODULES = YES;
				CLANG_ENABLE_OBJC_ARC = YES;
				CLANG_WARN_BOOL_CONVERSION = YES;
				CLANG_WARN_CONSTANT_CONVERSION = YES;
				CLANG_WARN_DIRECT_OBJC_ISA_USAGE = YES_ERROR;
				CLANG_WARN_DOCUMENTATION_COMMENTS = YES;
				CLANG_WARN_EMPTY_BODY = YES;
				CLANG_WARN_ENUM_CONVERSION = YES;
				CLANG_WARN_INFINITE_RECURSION = YES;
				CLANG_WARN_INT_CONVERSION = YES;
				CLANG_WARN_OBJC_ROOT_CLASS = YES_ERROR;
				CLANG_WARN_SUSPICIOUS_MOVE = YES;
				CLANG_WARN_UNREACHABLE_CODE = YES;
				CLANG_WARN__DUPLICATE_METHOD_MATCH = YES;
				"CODE_SIGN_IDENTITY[sdk=iphoneos*]" = "iPhone Developer";
				COPY_PHASE_STRIP = NO;
				DEBUG_INFORMATION_FORMAT = dwarf;
				ENABLE_STRICT_OBJC_MSGSEND = YES;
				ENABLE_TESTABILITY = YES;
				GCC_C_LANGUAGE_STANDARD = gnu99;
				GCC_DYNAMIC_NO_PIC = NO;
				GCC_NO_COMMON_BLOCKS = YES;
				GCC_OPTIMIZATION_LEVEL = 0;
				GCC_PREPROCESSOR_DEFINITIONS = (
					"DEBUG=1",
					"$(inherited)",
				);
				GCC_WARN_64_TO_32_BIT_CONVERSION = YES;
				GCC_WARN_ABOUT_RETURN_TYPE = YES_ERROR;
				GCC_WARN_UNDECLARED_SELECTOR = YES;
				GCC_WARN_UNINITIALIZED_AUTOS = YES_AGGRESSIVE;
				GCC_WARN_UNUSED_FUNCTION = YES;
				GCC_WARN_UNUSED_VARIABLE = YES;
				IPHONEOS_DEPLOYMENT_TARGET = 10.2;
				MTL_ENABLE_DEBUG_INFO = YES;
				ONLY_ACTIVE_ARCH = YES;
				SDKROOT = iphoneos;
				TARGETED_DEVICE_FAMILY = "1,2";
			};
			name = Debug;
		};
		B22887231E4633280026547A /* Release */ = {
			isa = XCBuildConfiguration;
			buildSettings = {
				ALWAYS_SEARCH_USER_PATHS = NO;
				CLANG_ANALYZER_NONNULL = YES;
				CLANG_CXX_LANGUAGE_STANDARD = "gnu++0x";
				CLANG_CXX_LIBRARY = "libc++";
				CLANG_ENABLE_MODULES = YES;
				CLANG_ENABLE_OBJC_ARC = YES;
				CLANG_WARN_BOOL_CONVERSION = YES;
				CLANG_WARN_CONSTANT_CONVERSION = YES;
				CLANG_WARN_DIRECT_OBJC_ISA_USAGE = YES_ERROR;
				CLANG_WARN_DOCUMENTATION_COMMENTS = YES;
				CLANG_WARN_EMPTY_BODY = YES;
				CLANG_WARN_ENUM_CONVERSION = YES;
				CLANG_WARN_INFINITE_RECURSION = YES;
				CLANG_WARN_INT_CONVERSION = YES;
				CLANG_WARN_OBJC_ROOT_CLASS = YES_ERROR;
				CLANG_WARN_SUSPICIOUS_MOVE = YES;
				CLANG_WARN_UNREACHABLE_CODE = YES;
				CLANG_WARN__DUPLICATE_METHOD_MATCH = YES;
				"CODE_SIGN_IDENTITY[sdk=iphoneos*]" = "iPhone Developer";
				COPY_PHASE_STRIP = NO;
				DEBUG_INFORMATION_FORMAT = "dwarf-with-dsym";
				ENABLE_NS_ASSERTIONS = NO;
				ENABLE_STRICT_OBJC_MSGSEND = YES;
				GCC_C_LANGUAGE_STANDARD = gnu99;
				GCC_NO_COMMON_BLOCKS = YES;
				GCC_WARN_64_TO_32_BIT_CONVERSION = YES;
				GCC_WARN_ABOUT_RETURN_TYPE = YES_ERROR;
				GCC_WARN_UNDECLARED_SELECTOR = YES;
				GCC_WARN_UNINITIALIZED_AUTOS = YES_AGGRESSIVE;
				GCC_WARN_UNUSED_FUNCTION = YES;
				GCC_WARN_UNUSED_VARIABLE = YES;
				IPHONEOS_DEPLOYMENT_TARGET = 10.2;
				MTL_ENABLE_DEBUG_INFO = NO;
				SDKROOT = iphoneos;
				TARGETED_DEVICE_FAMILY = "1,2";
				VALIDATE_PRODUCT = YES;
			};
			name = Release;
		};
		B22887251E4633280026547A /* Debug */ = {
			isa = XCBuildConfiguration;
			buildSettings = {
				ASSETCATALOG_COMPILER_APPICON_NAME = AppIcon;
				INFOPLIST_FILE = test/Info.plist;
				LD_RUNPATH_SEARCH_PATHS = "$(inherited) @executable_path/Frameworks";
				PRODUCT_BUNDLE_IDENTIFIER = mes.test;
				PRODUCT_NAME = "$(TARGET_NAME)";
			};
			name = Debug;
		};
		B22887261E4633280026547A /* Release */ = {
			isa = XCBuildConfiguration;
			buildSettings = {
				ASSETCATALOG_COMPILER_APPICON_NAME = AppIcon;
				INFOPLIST_FILE = test/Info.plist;
				LD_RUNPATH_SEARCH_PATHS = "$(inherited) @executable_path/Frameworks";
				PRODUCT_BUNDLE_IDENTIFIER = mes.test;
				PRODUCT_NAME = "$(TARGET_NAME)";
			};
			name = Release;
		};
/* End XCBuildConfiguration section */

/* Begin XCConfigurationList section */
		B22887051E4633280026547A /* Build configuration list for PBXProject "test" */ = {
			isa = XCConfigurationList;
			buildConfigurations = (
				B22887221E4633280026547A /* Debug */,
				B22887231E4633280026547A /* Release */,
			);
			defaultConfigurationIsVisible = 0;
			defaultConfigurationName = Release;
		};
		B22887241E4633280026547A /* Build configuration list for PBXNativeTarget "test" */ = {
			isa = XCConfigurationList;
			buildConfigurations = (
				B22887251E4633280026547A /* Debug */,
				B22887261E4633280026547A /* Release */,
			);
			defaultConfigurationIsVisible = 0;
		};
/* End XCConfigurationList section */

/* Begin XCVersionGroup section */
		B22887191E4633280026547A /* test.xcdatamodeld */ = {
			isa = XCVersionGroup;
			children = (
				B228871A1E4633280026547A /* test.xcdatamodel */,
			);
			currentVersion = B228871A1E4633280026547A /* test.xcdatamodel */;
			path = test.xcdatamodeld;
			sourceTree = "<group>";
			versionGroupType = wrapper.xcdatamodel;
		};
/* End XCVersionGroup section */
	};
	rootObject = B22887021E4633280026547A /* Project object */;
}
